
Microsoft Visual Studio Solution File, Format Version 9.00
# Visual Studio 2005
Project("{FAE04EC0-301F-11D3-BF4B-00C04F79EFBC}") = "RoleBasedServices", "RoleBasedServices\RoleBasedServices.csproj", "{E13DA787-793F-40BF-B962-1AFD19F90AAD}"
EndProject
Project("{FAE04EC0-301F-11D3-BF4B-00C04F79EFBC}") = "SecurityUtility", "..\..\..\Common\SecurityUtility\SecurityUtility.csproj", "{8BBF8CB0-5599-4703-83AF-BB206B928CAE}"
EndProject
Project("{FAE04EC0-301F-11D3-BF4B-00C04F79EFBC}") = "WinClient", "WinClient\WinClient.csproj", "{62CAAF73-A6ED-40D2-BCAD-C79DB0D363B7}"
EndProject
Global
	GlobalSection(SolutionConfigurationPlatforms) = preSolution
		Debug|.NET = Debug|.NET
		Debug|Any CPU = Debug|Any CPU
		Debug|Mixed Platforms = Debug|Mixed Platforms
		Release|.NET = Release|.NET
		Release|Any CPU = Release|Any CPU
		Release|Mixed Platforms = Release|Mixed Platforms
	EndGlobalSection
	GlobalSection(ProjectConfigurationPlatforms) = postSolution
		{E13DA787-793F-40BF-B962-1AFD19F90AAD}.Debug|.NET.ActiveCfg = Debug|Any CPU
		{E13DA787-793F-40BF-B962-1AFD19F90AAD}.Debug|Any CPU.ActiveCfg = Debug|Any CPU
		{E13DA787-793F-40BF-B962-1AFD19F90AAD}.Debug|Any CPU.Build.0 = Debug|Any CPU
		{E13DA787-793F-40BF-B962-1AFD19F90AAD}.Debug|Mixed Platforms.ActiveCfg = Debug|Any CPU
		{E13DA787-793F-40BF-B962-1AFD19F90AAD}.Debug|Mixed Platforms.Build.0 = Debug|Any CPU
		{E13DA787-793F-40BF-B962-1AFD19F90AAD}.Release|.NET.ActiveCfg = Release|Any CPU
		{E13DA787-793F-40BF-B962-1AFD19F90AAD}.Release|Any CPU.ActiveCfg = Release|Any CPU
		{E13DA787-793F-40BF-B962-1AFD19F90AAD}.Release|Any CPU.Build.0 = Release|Any CPU
		{E13DA787-793F-40BF-B962-1AFD19F90AAD}.Release|Mixed Platforms.ActiveCfg = Release|Any CPU
		{E13DA787-793F-40BF-B962-1AFD19F90AAD}.Release|Mixed Platforms.Build.0 = Release|Any CPU
		{8BBF8CB0-5599-4703-83AF-BB206B928CAE}.Debug|.NET.ActiveCfg = Debug|Any CPU
		{8BBF8CB0-5599-4703-83AF-BB206B928CAE}.Debug|Any CPU.ActiveCfg = Debug|Any CPU
		{8BBF8CB0-5599-4703-83AF-BB206B928CAE}.Debug|Any CPU.Build.0 = Debug|Any CPU
		{8BBF8CB0-5599-4703-83AF-BB206B928CAE}.Debug|Mixed Platforms.ActiveCfg = Debug|Any CPU
		{8BBF8CB0-5599-4703-83AF-BB206B928CAE}.Debug|Mixed Platforms.Build.0 = Debug|Any CPU
		{8BBF8CB0-5599-4703-83AF-BB206B928CAE}.Release|.NET.ActiveCfg = Release|Any CPU
		{8BBF8CB0-5599-4703-83AF-BB206B928CAE}.Release|Any CPU.ActiveCfg = Release|Any CPU
		{8BBF8CB0-5599-4703-83AF-BB206B928CAE}.Release|Any CPU.Build.0 = Release|Any CPU
		{8BBF8CB0-5599-4703-83AF-BB206B928CAE}.Release|Mixed Platforms.ActiveCfg = Release|Any CPU
		{8BBF8CB0-5599-4703-83AF-BB206B928CAE}.Release|Mixed Platforms.Build.0 = Release|Any CPU
		{62CAAF73-A6ED-40D2-BCAD-C79DB0D363B7}.Debug|.NET.ActiveCfg = Debug|Any CPU
		{62CAAF73-A6ED-40D2-BCAD-C79DB0D363B7}.Debug|Any CPU.ActiveCfg = Debug|Any CPU
		{62CAAF73-A6ED-40D2-BCAD-C79DB0D363B7}.Debug|Any CPU.Build.0 = Debug|Any CPU
		{62CAAF73-A6ED-40D2-BCAD-C79DB0D363B7}.Debug|Mixed Platforms.ActiveCfg = Debug|Any CPU
		{62CAAF73-A6ED-40D2-BCAD-C79DB0D363B7}.Debug|Mixed Platforms.Build.0 = Debug|Any CPU
		{62CAAF73-A6ED-40D2-BCAD-C79DB0D363B7}.Release|.NET.ActiveCfg = Release|Any CPU
		{62CAAF73-A6ED-40D2-BCAD-C79DB0D363B7}.Release|Any CPU.ActiveCfg = Release|Any CPU
		{62CAAF73-A6ED-40D2-BCAD-C79DB0D363B7}.Release|Any CPU.Build.0 = Release|Any CPU
		{62CAAF73-A6ED-40D2-BCAD-C79DB0D363B7}.Release|Mixed Platforms.ActiveCfg = Release|Any CPU
		{62CAAF73-A6ED-40D2-BCAD-C79DB0D363B7}.Release|Mixed Platforms.Build.0 = Release|Any CPU
	EndGlobalSection
	GlobalSection(SolutionProperties) = preSolution
		HideSolutionNode = FALSE
	EndGlobalSection
EndGlobal
